<?xml version="1.0" encoding="utf-8"?>
<Project ToolsVersion="4.0" xmlns="http://schemas.microsoft.com/developer/msbuild/2003">
  <ItemGroup>
    <Filter Include="Source">
      <UniqueIdentifier>{3760baab-b19a-46c8-a886-3654fa285770}</UniqueIdentifier>
    </Filter>
    <Filter Include="Source\util">
      <UniqueIdentifier>{586f6be9-faba-4168-a66f-f0e0d6d833d3}</UniqueIdentifier>
    </Filter>
    <Filter Include="Source\base">
      <UniqueIdentifier>{bdcbb83a-184c-466d-b2ff-b868efa51b33}</UniqueIdentifier>
    </Filter>
    <Filter Include="Source\base\system">
      <UniqueIdentifier>{1cbca2d9-35e8-4d91-8272-997d331e8099}</UniqueIdentifier>
    </Filter>
    <Filter Include="Source\graphics">
      <UniqueIdentifier>{f83079c3-611a-4f2f-8161-5c3af25dbeb4}</UniqueIdentifier>
    </Filter>
  </ItemGroup>
  <ItemGroup>
    <ClInclude Include="source\util\SBUtil.h">
      <Filter>Source\util</Filter>
    </ClInclude>
    <ClInclude Include="Source\base\system\DisplayMode.h">
      <Filter>Source\base\system</Filter>
    </ClInclude>
    <ClInclude Include="Source\base\system\GameWindow.h">
      <Filter>Source\base\system</Filter>
    </ClInclude>
    <ClInclude Include="Source\base\system\GraphicsProvider.h">
      <Filter>Source\base\system</Filter>
    </ClInclude>
    <ClInclude Include="source\base\BaseGame.h">
      <Filter>Source\base</Filter>
    </ClInclude>
    <ClInclude Include="Source\base\system\GameTimer.h">
      <Filter>Source\base\system</Filter>
    </ClInclude>
    <ClInclude Include="source\util\ISerializable.h">
      <Filter>Source\util</Filter>
    </ClInclude>
    <ClInclude Include="source\base\Config.h">
      <Filter>Source\base</Filter>
    </ClInclude>
    <ClInclude Include="Source\util\Color4f.h">
      <Filter>Source\util</Filter>
    </ClInclude>
    <ClInclude Include="Source\util\input\InputManager.h">
      <Filter>Source\util</Filter>
    </ClInclude>
    <ClInclude Include="Source\graphics\Mesh.h">
      <Filter>Source\graphics</Filter>
    </ClInclude>
  </ItemGroup>
  <ItemGroup>
    <ClCompile Include="Source\base\system\GameWindow.cpp">
      <Filter>Source\base\system</Filter>
    </ClCompile>
    <ClCompile Include="Source\base\system\GraphicsProvider.cpp">
      <Filter>Source\base\system</Filter>
    </ClCompile>
    <ClCompile Include="Source\base\system\GameTimer.cpp">
      <Filter>Source\base\system</Filter>
    </ClCompile>
    <ClCompile Include="source\base\BaseGame.cpp">
      <Filter>Source\base</Filter>
    </ClCompile>
    <ClCompile Include="source\base\Config.cpp">
      <Filter>Source\base</Filter>
    </ClCompile>
    <ClCompile Include="source\util\SBUtil.cpp">
      <Filter>Source\util</Filter>
    </ClCompile>
    <ClCompile Include="Source\util\input\InputManager.cpp">
      <Filter>Source\util</Filter>
    </ClCompile>
  </ItemGroup>
</Project>