<?xml version="1.0" encoding="utf-8"?>
<Project ToolsVersion="4.0" xmlns="http://schemas.microsoft.com/developer/msbuild/2003">
  <ItemGroup>
    <Filter Include="Source">
      <UniqueIdentifier>{3760baab-b19a-46c8-a886-3654fa285770}</UniqueIdentifier>
    </Filter>
    <Filter Include="Source\util">
      <UniqueIdentifier>{586f6be9-faba-4168-a66f-f0e0d6d833d3}</UniqueIdentifier>
    </Filter>
    <Filter Include="Source\base">
      <UniqueIdentifier>{bdcbb83a-184c-466d-b2ff-b868efa51b33}</UniqueIdentifier>
    </Filter>
    <Filter Include="Source\base\system">
      <UniqueIdentifier>{1cbca2d9-35e8-4d91-8272-997d331e8099}</UniqueIdentifier>
    </Filter>
    <Filter Include="Source\graphics">
      <UniqueIdentifier>{f83079c3-611a-4f2f-8161-5c3af25dbeb4}</UniqueIdentifier>
    </Filter>
    <Filter Include="Source\world">
      <UniqueIdentifier>{b23d0039-208b-44f6-80a7-95dfd2906108}</UniqueIdentifier>
    </Filter>
    <Filter Include="Source\scene">
      <UniqueIdentifier>{0f6709e6-80cb-4eb8-8584-f0d7c6e9bc8f}</UniqueIdentifier>
    </Filter>
    <Filter Include="Source\util\math">
      <UniqueIdentifier>{25cd0a3b-c52f-4710-926c-6552e03d6680}</UniqueIdentifier>
    </Filter>
    <Filter Include="Source\util\input">
      <UniqueIdentifier>{259b87c8-766f-4c0f-a98c-c859fd1b9fad}</UniqueIdentifier>
    </Filter>
    <Filter Include="Source\sound">
      <UniqueIdentifier>{8b87f6e5-435e-445b-8f5d-754961f11312}</UniqueIdentifier>
    </Filter>
    <Filter Include="Source\scene\camera">
      <UniqueIdentifier>{4c72f6e3-8385-4e62-9d49-8ce854706570}</UniqueIdentifier>
    </Filter>
    <Filter Include="Source\graphics\render">
      <UniqueIdentifier>{a2463deb-a5fa-49c0-9efd-49f1dc053cc4}</UniqueIdentifier>
    </Filter>
    <Filter Include="Source\resource">
      <UniqueIdentifier>{ccb95981-17cf-41ec-a300-cf2e2f2414c2}</UniqueIdentifier>
    </Filter>
    <Filter Include="Source\resource\managers">
      <UniqueIdentifier>{b6dfc7d0-5fd9-4842-9afd-b615dd897ab7}</UniqueIdentifier>
    </Filter>
    <Filter Include="Source\resource\types">
      <UniqueIdentifier>{2a52d1bb-19b8-4e40-92c0-08dd66a4912a}</UniqueIdentifier>
    </Filter>
    <Filter Include="Source\resource\proxy">
      <UniqueIdentifier>{c086703a-1da6-4438-90cd-a3d5c4e4f0c9}</UniqueIdentifier>
    </Filter>
    <Filter Include="Source\graphics\lighting">
      <UniqueIdentifier>{d7f75e8f-ae6b-4c3f-8f88-4451974f9177}</UniqueIdentifier>
    </Filter>
    <Filter Include="Source\graphics\effects">
      <UniqueIdentifier>{9d8802fb-051e-486d-a171-befeb6f36319}</UniqueIdentifier>
    </Filter>
  </ItemGroup>
  <ItemGroup>
    <ClInclude Include="source\util\SBUtil.h">
      <Filter>Source\util</Filter>
    </ClInclude>
    <ClInclude Include="Source\base\system\DisplayMode.h">
      <Filter>Source\base\system</Filter>
    </ClInclude>
    <ClInclude Include="Source\base\system\GameWindow.h">
      <Filter>Source\base\system</Filter>
    </ClInclude>
    <ClInclude Include="Source\base\system\GraphicsProvider.h">
      <Filter>Source\base\system</Filter>
    </ClInclude>
    <ClInclude Include="source\base\BaseGame.h">
      <Filter>Source\base</Filter>
    </ClInclude>
    <ClInclude Include="Source\base\system\GameTimer.h">
      <Filter>Source\base\system</Filter>
    </ClInclude>
    <ClInclude Include="source\util\ISerializable.h">
      <Filter>Source\util</Filter>
    </ClInclude>
    <ClInclude Include="source\base\Config.h">
      <Filter>Source\base</Filter>
    </ClInclude>
    <ClInclude Include="Source\util\Color4f.h">
      <Filter>Source\util</Filter>
    </ClInclude>
    <ClInclude Include="Source\graphics\Mesh.h">
      <Filter>Source\graphics</Filter>
    </ClInclude>
    <ClInclude Include="Source\world\Block.h">
      <Filter>Source\world</Filter>
    </ClInclude>
    <ClInclude Include="Source\graphics\VertexFormats.h">
      <Filter>Source\graphics</Filter>
    </ClInclude>
    <ClInclude Include="Source\world\Cluster.h">
      <Filter>Source\world</Filter>
    </ClInclude>
    <ClInclude Include="Source\scene\SceneNode.h">
      <Filter>Source\scene</Filter>
    </ClInclude>
    <ClInclude Include="Source\scene\SceneManager.h">
      <Filter>Source\scene</Filter>
    </ClInclude>
    <ClInclude Include="Source\scene\MeshNode.h">
      <Filter>Source\scene</Filter>
    </ClInclude>
    <ClInclude Include="Source\scene\CameraNode.h">
      <Filter>Source\scene</Filter>
    </ClInclude>
    <ClInclude Include="Source\scene\SceneView.h">
      <Filter>Source\scene</Filter>
    </ClInclude>
    <ClInclude Include="Source\graphics\Light.h">
      <Filter>Source\graphics</Filter>
    </ClInclude>
    <ClInclude Include="Source\util\Typedefs.h">
      <Filter>Source\util</Filter>
    </ClInclude>
    <ClInclude Include="Source\scene\LightNode.h">
      <Filter>Source\scene</Filter>
    </ClInclude>
    <ClInclude Include="Source\util\math\Math.h">
      <Filter>Source\util\math</Filter>
    </ClInclude>
    <ClInclude Include="Source\util\input\InputManager.h">
      <Filter>Source\util\input</Filter>
    </ClInclude>
    <ClInclude Include="Source\graphics\RenderTarget.h">
      <Filter>Source\graphics</Filter>
    </ClInclude>
    <ClInclude Include="Source\graphics\VertexDeclaration.h">
      <Filter>Source\graphics</Filter>
    </ClInclude>
    <ClInclude Include="Source\graphics\LightVolume.h">
      <Filter>Source\graphics</Filter>
    </ClInclude>
    <ClInclude Include="Source\util\input\KeyboardState.h">
      <Filter>Source\util\input</Filter>
    </ClInclude>
    <ClInclude Include="Source\util\input\MouseState.h">
      <Filter>Source\util\input</Filter>
    </ClInclude>
    <ClInclude Include="Source\util\input\GamePadState.h">
      <Filter>Source\util\input</Filter>
    </ClInclude>
    <ClInclude Include="Source\graphics\Shader.h">
      <Filter>Source\graphics</Filter>
    </ClInclude>
    <ClInclude Include="Source\sound\SoundResource.h">
      <Filter>Source\sound</Filter>
    </ClInclude>
    <ClInclude Include="Source\sound\SoundManager.h">
      <Filter>Source\sound</Filter>
    </ClInclude>
    <ClInclude Include="Source\world\WorldManager.h">
      <Filter>Source\world</Filter>
    </ClInclude>
    <ClInclude Include="source\scene\camera\Camera.h">
      <Filter>Source\scene\camera</Filter>
    </ClInclude>
    <ClInclude Include="Source\util\math\Frustum.h">
      <Filter>Source\util\math</Filter>
    </ClInclude>
    <ClInclude Include="Source\util\math\Plane.h">
      <Filter>Source\util\math</Filter>
    </ClInclude>
    <ClInclude Include="source\graphics\render\IDrawable.h">
      <Filter>Source\graphics\render</Filter>
    </ClInclude>
    <ClInclude Include="source\resource\ResourceManager.h">
      <Filter>Source\resource</Filter>
    </ClInclude>
    <ClInclude Include="source\resource\types\IGraphicsResource.h">
      <Filter>Source\resource\types</Filter>
    </ClInclude>
    <ClInclude Include="source\resource\IResource.h">
      <Filter>Source\resource</Filter>
    </ClInclude>
    <ClInclude Include="source\resource\proxy\D3DXProxy.h">
      <Filter>Source\resource\proxy</Filter>
    </ClInclude>
    <ClInclude Include="source\graphics\Renderer.h">
      <Filter>Source\graphics</Filter>
    </ClInclude>
    <ClInclude Include="source\graphics\lighting\Lighting.h">
      <Filter>Source\graphics\lighting</Filter>
    </ClInclude>
    <ClInclude Include="source\graphics\VertexManager.h">
      <Filter>Source\graphics</Filter>
    </ClInclude>
    <ClInclude Include="Source\graphics\render\QuadRenderer.h">
      <Filter>Source\graphics\render</Filter>
    </ClInclude>
    <ClInclude Include="Source\graphics\effects\DeferredShader.h">
      <Filter>Source\graphics\effects</Filter>
    </ClInclude>
    <ClInclude Include="Source\graphics\effects\SSAOShader.h">
      <Filter>Source\graphics\effects</Filter>
    </ClInclude>
    <ClInclude Include="Source\graphics\Texture.h">
      <Filter>Source\graphics</Filter>
    </ClInclude>
  </ItemGroup>
  <ItemGroup>
    <ClCompile Include="Source\base\system\GameWindow.cpp">
      <Filter>Source\base\system</Filter>
    </ClCompile>
    <ClCompile Include="Source\base\system\GraphicsProvider.cpp">
      <Filter>Source\base\system</Filter>
    </ClCompile>
    <ClCompile Include="Source\base\system\GameTimer.cpp">
      <Filter>Source\base\system</Filter>
    </ClCompile>
    <ClCompile Include="source\base\BaseGame.cpp">
      <Filter>Source\base</Filter>
    </ClCompile>
    <ClCompile Include="source\base\Config.cpp">
      <Filter>Source\base</Filter>
    </ClCompile>
    <ClCompile Include="source\util\SBUtil.cpp">
      <Filter>Source\util</Filter>
    </ClCompile>
    <ClCompile Include="Source\scene\SceneNode.cpp">
      <Filter>Source\scene</Filter>
    </ClCompile>
    <ClCompile Include="Source\scene\SceneManager.cpp">
      <Filter>Source\scene</Filter>
    </ClCompile>
    <ClCompile Include="Source\world\Cluster.cpp">
      <Filter>Source\world</Filter>
    </ClCompile>
    <ClCompile Include="Source\scene\MeshNode.cpp">
      <Filter>Source\scene</Filter>
    </ClCompile>
    <ClCompile Include="Source\graphics\Mesh.cpp">
      <Filter>Source\graphics</Filter>
    </ClCompile>
    <ClCompile Include="Source\scene\SceneView.cpp">
      <Filter>Source\scene</Filter>
    </ClCompile>
    <ClCompile Include="Source\scene\LightNode.cpp">
      <Filter>Source\scene</Filter>
    </ClCompile>
    <ClCompile Include="Source\scene\CameraNode.cpp">
      <Filter>Source\scene</Filter>
    </ClCompile>
    <ClCompile Include="Source\util\math\Math.cpp">
      <Filter>Source\util\math</Filter>
    </ClCompile>
    <ClCompile Include="Source\util\input\InputManager.cpp">
      <Filter>Source\util\input</Filter>
    </ClCompile>
    <ClCompile Include="Source\graphics\RenderTarget.cpp">
      <Filter>Source\graphics</Filter>
    </ClCompile>
    <ClCompile Include="Source\graphics\VertexDeclaration.cpp">
      <Filter>Source\graphics</Filter>
    </ClCompile>
    <ClCompile Include="Source\util\input\KeyboardState.cpp">
      <Filter>Source\util\input</Filter>
    </ClCompile>
    <ClCompile Include="Source\util\input\MouseState.cpp">
      <Filter>Source\util\input</Filter>
    </ClCompile>
    <ClCompile Include="Source\util\input\GamePadState.cpp">
      <Filter>Source\util\input</Filter>
    </ClCompile>
    <ClCompile Include="Source\graphics\LightVolume.cpp">
      <Filter>Source\graphics</Filter>
    </ClCompile>
    <ClCompile Include="Source\graphics\Shader.cpp">
      <Filter>Source\graphics</Filter>
    </ClCompile>
    <ClCompile Include="Source\sound\SoundManager.cpp">
      <Filter>Source\sound</Filter>
    </ClCompile>
    <ClCompile Include="source\world\WorldManager.cpp">
      <Filter>Source\world</Filter>
    </ClCompile>
    <ClCompile Include="source\scene\camera\Camera.cpp">
      <Filter>Source\scene\camera</Filter>
    </ClCompile>
    <ClCompile Include="Source\util\math\Frustum.cpp">
      <Filter>Source\util\math</Filter>
    </ClCompile>
    <ClCompile Include="source\resource\ResourceManager.cpp">
      <Filter>Source\resource</Filter>
    </ClCompile>
    <ClCompile Include="source\graphics\Renderer.cpp">
      <Filter>Source\graphics</Filter>
    </ClCompile>
    <ClCompile Include="source\graphics\VertexManager.cpp">
      <Filter>Source\graphics</Filter>
    </ClCompile>
    <ClCompile Include="Source\graphics\render\QuadRenderer.cpp">
      <Filter>Source\graphics\render</Filter>
    </ClCompile>
    <ClCompile Include="Source\graphics\effects\DeferredShader.cpp">
      <Filter>Source\graphics\effects</Filter>
    </ClCompile>
    <ClCompile Include="Source\graphics\effects\SSAOShader.cpp">
      <Filter>Source\graphics\effects</Filter>
    </ClCompile>
    <ClCompile Include="Source\graphics\Texture.cpp">
      <Filter>Source\graphics</Filter>
    </ClCompile>
  </ItemGroup>
</Project>